// !$*UTF8*$!
{
	archiveVersion = 1;
	classes = {
	};
	objectVersion = 77;
	objects = {

/* Begin PBXBuildFile section */
		68E7A5C22CAF1FCA001E4F23 /* AWSS3 in Frameworks */ = {isa = PBXBuildFile; productRef = 68E7A5C12CAF1FCA001E4F23 /* AWSS3 */; };
		68E7A5CA2CB2FCAF001E4F23 /* GoogleService-Info.plist in Resources */ = {isa = PBXBuildFile; fileRef = 68E7A5C92CB2FCAF001E4F23 /* GoogleService-Info.plist */; };
		68E7A5CB2CB2FCAF001E4F23 /* GoogleService-Info.plist in Resources */ = {isa = PBXBuildFile; fileRef = 68E7A5C92CB2FCAF001E4F23 /* GoogleService-Info.plist */; };
		68E7A5CC2CB2FCAF001E4F23 /* GoogleService-Info.plist in Resources */ = {isa = PBXBuildFile; fileRef = 68E7A5C92CB2FCAF001E4F23 /* GoogleService-Info.plist */; };
		68E7A5CF2CB2FD78001E4F23 /* FirebaseCore in Frameworks */ = {isa = PBXBuildFile; productRef = 68E7A5CE2CB2FD78001E4F23 /* FirebaseCore */; };
		68E7A5D12CB2FD78001E4F23 /* FirebaseStorage in Frameworks */ = {isa = PBXBuildFile; productRef = 68E7A5D02CB2FD78001E4F23 /* FirebaseStorage */; };
		68E7A5D32CB2FD78001E4F23 /* FirebaseStorageCombine-Community in Frameworks */ = {isa = PBXBuildFile; productRef = 68E7A5D22CB2FD78001E4F23 /* FirebaseStorageCombine-Community */; };
/* End PBXBuildFile section */

/* Begin PBXContainerItemProxy section */
		68C701062CA46F3D001C2D2A /* PBXContainerItemProxy */ = {
			isa = PBXContainerItemProxy;
			containerPortal = 68C700EC2CA46F3C001C2D2A /* Project object */;
			proxyType = 1;
			remoteGlobalIDString = 68C700F32CA46F3C001C2D2A;
			remoteInfo = MilkApp;
		};
		68C701102CA46F3D001C2D2A /* PBXContainerItemProxy */ = {
			isa = PBXContainerItemProxy;
			containerPortal = 68C700EC2CA46F3C001C2D2A /* Project object */;
			proxyType = 1;
			remoteGlobalIDString = 68C700F32CA46F3C001C2D2A;
			remoteInfo = MilkApp;
		};
/* End PBXContainerItemProxy section */

/* Begin PBXFileReference section */
		68C700F42CA46F3C001C2D2A /* MilkApp.app */ = {isa = PBXFileReference; explicitFileType = wrapper.application; includeInIndex = 0; path = MilkApp.app; sourceTree = BUILT_PRODUCTS_DIR; };
		68C701052CA46F3D001C2D2A /* MilkAppTests.xctest */ = {isa = PBXFileReference; explicitFileType = wrapper.cfbundle; includeInIndex = 0; path = MilkAppTests.xctest; sourceTree = BUILT_PRODUCTS_DIR; };
		68C7010F2CA46F3D001C2D2A /* MilkAppUITests.xctest */ = {isa = PBXFileReference; explicitFileType = wrapper.cfbundle; includeInIndex = 0; path = MilkAppUITests.xctest; sourceTree = BUILT_PRODUCTS_DIR; };
		68E7A5C92CB2FCAF001E4F23 /* GoogleService-Info.plist */ = {isa = PBXFileReference; lastKnownFileType = text.plist.xml; path = "GoogleService-Info.plist"; sourceTree = "<group>"; };
/* End PBXFileReference section */

/* Begin PBXFileSystemSynchronizedRootGroup section */
		68C700F62CA46F3C001C2D2A /* MilkApp */ = {
			isa = PBXFileSystemSynchronizedRootGroup;
			path = MilkApp;
			sourceTree = "<group>";
		};
		68C701082CA46F3D001C2D2A /* MilkAppTests */ = {
			isa = PBXFileSystemSynchronizedRootGroup;
			path = MilkAppTests;
			sourceTree = "<group>";
		};
		68C701122CA46F3D001C2D2A /* MilkAppUITests */ = {
			isa = PBXFileSystemSynchronizedRootGroup;
			path = MilkAppUITests;
			sourceTree = "<group>";
		};
/* End PBXFileSystemSynchronizedRootGroup section */

/* Begin PBXFrameworksBuildPhase section */
		68C700F12CA46F3C001C2D2A /* Frameworks */ = {
			isa = PBXFrameworksBuildPhase;
			buildActionMask = 2147483647;
			files = (
				68E7A5CF2CB2FD78001E4F23 /* FirebaseCore in Frameworks */,
				68E7A5C22CAF1FCA001E4F23 /* AWSS3 in Frameworks */,
				68E7A5D32CB2FD78001E4F23 /* FirebaseStorageCombine-Community in Frameworks */,
				68E7A5D12CB2FD78001E4F23 /* FirebaseStorage in Frameworks */,
			);
			runOnlyForDeploymentPostprocessing = 0;
		};
		68C701022CA46F3D001C2D2A /* Frameworks */ = {
			isa = PBXFrameworksBuildPhase;
			buildActionMask = 2147483647;
			files = (
			);
			runOnlyForDeploymentPostprocessing = 0;
		};
		68C7010C2CA46F3D001C2D2A /* Frameworks */ = {
			isa = PBXFrameworksBuildPhase;
			buildActionMask = 2147483647;
			files = (
			);
			runOnlyForDeploymentPostprocessing = 0;
		};
/* End PBXFrameworksBuildPhase section */

/* Begin PBXGroup section */
		68C700EB2CA46F3C001C2D2A = {
			isa = PBXGroup;
			children = (
				68C700F62CA46F3C001C2D2A /* MilkApp */,
				68C701082CA46F3D001C2D2A /* MilkAppTests */,
				68C701122CA46F3D001C2D2A /* MilkAppUITests */,
				68C700F52CA46F3C001C2D2A /* Products */,
				68E7A5C92CB2FCAF001E4F23 /* GoogleService-Info.plist */,
			);
			sourceTree = "<group>";
		};
		68C700F52CA46F3C001C2D2A /* Products */ = {
			isa = PBXGroup;
			children = (
				68C700F42CA46F3C001C2D2A /* MilkApp.app */,
				68C701052CA46F3D001C2D2A /* MilkAppTests.xctest */,
				68C7010F2CA46F3D001C2D2A /* MilkAppUITests.xctest */,
			);
			name = Products;
			sourceTree = "<group>";
		};
/* End PBXGroup section */

/* Begin PBXNativeTarget section */
		68C700F32CA46F3C001C2D2A /* MilkApp */ = {
			isa = PBXNativeTarget;
			buildConfigurationList = 68C701192CA46F3D001C2D2A /* Build configuration list for PBXNativeTarget "MilkApp" */;
			buildPhases = (
				68C700F02CA46F3C001C2D2A /* Sources */,
				68C700F12CA46F3C001C2D2A /* Frameworks */,
				68C700F22CA46F3C001C2D2A /* Resources */,
			);
			buildRules = (
			);
			dependencies = (
			);
			fileSystemSynchronizedGroups = (
				68C700F62CA46F3C001C2D2A /* MilkApp */,
			);
			name = MilkApp;
			packageProductDependencies = (
				68E7A5C12CAF1FCA001E4F23 /* AWSS3 */,
				68E7A5CE2CB2FD78001E4F23 /* FirebaseCore */,
				68E7A5D02CB2FD78001E4F23 /* FirebaseStorage */,
				68E7A5D22CB2FD78001E4F23 /* FirebaseStorageCombine-Community */,
			);
			productName = MilkApp;
			productReference = 68C700F42CA46F3C001C2D2A /* MilkApp.app */;
			productType = "com.apple.product-type.application";
		};
		68C701042CA46F3D001C2D2A /* MilkAppTests */ = {
			isa = PBXNativeTarget;
			buildConfigurationList = 68C7011C2CA46F3D001C2D2A /* Build configuration list for PBXNativeTarget "MilkAppTests" */;
			buildPhases = (
				68C701012CA46F3D001C2D2A /* Sources */,
				68C701022CA46F3D001C2D2A /* Frameworks */,
				68C701032CA46F3D001C2D2A /* Resources */,
			);
			buildRules = (
			);
			dependencies = (
				68C701072CA46F3D001C2D2A /* PBXTargetDependency */,
			);
			fileSystemSynchronizedGroups = (
				68C701082CA46F3D001C2D2A /* MilkAppTests */,
			);
			name = MilkAppTests;
			packageProductDependencies = (
			);
			productName = MilkAppTests;
			productReference = 68C701052CA46F3D001C2D2A /* MilkAppTests.xctest */;
			productType = "com.apple.product-type.bundle.unit-test";
		};
		68C7010E2CA46F3D001C2D2A /* MilkAppUITests */ = {
			isa = PBXNativeTarget;
			buildConfigurationList = 68C7011F2CA46F3D001C2D2A /* Build configuration list for PBXNativeTarget "MilkAppUITests" */;
			buildPhases = (
				68C7010B2CA46F3D001C2D2A /* Sources */,
				68C7010C2CA46F3D001C2D2A /* Frameworks */,
				68C7010D2CA46F3D001C2D2A /* Resources */,
			);
			buildRules = (
			);
			dependencies = (
				68C701112CA46F3D001C2D2A /* PBXTargetDependency */,
			);
			fileSystemSynchronizedGroups = (
				68C701122CA46F3D001C2D2A /* MilkAppUITests */,
			);
			name = MilkAppUITests;
			packageProductDependencies = (
			);
			productName = MilkAppUITests;
			productReference = 68C7010F2CA46F3D001C2D2A /* MilkAppUITests.xctest */;
			productType = "com.apple.product-type.bundle.ui-testing";
		};
/* End PBXNativeTarget section */

/* Begin PBXProject section */
		68C700EC2CA46F3C001C2D2A /* Project object */ = {
			isa = PBXProject;
			attributes = {
				BuildIndependentTargetsInParallel = 1;
				LastSwiftUpdateCheck = 1600;
				LastUpgradeCheck = 1600;
				TargetAttributes = {
					68C700F32CA46F3C001C2D2A = {
						CreatedOnToolsVersion = 16.0;
					};
					68C701042CA46F3D001C2D2A = {
						CreatedOnToolsVersion = 16.0;
						TestTargetID = 68C700F32CA46F3C001C2D2A;
					};
					68C7010E2CA46F3D001C2D2A = {
						CreatedOnToolsVersion = 16.0;
						TestTargetID = 68C700F32CA46F3C001C2D2A;
					};
				};
			};
			buildConfigurationList = 68C700EF2CA46F3C001C2D2A /* Build configuration list for PBXProject "MilkApp" */;
			developmentRegion = en;
			hasScannedForEncodings = 0;
			knownRegions = (
				en,
				Base,
			);
			mainGroup = 68C700EB2CA46F3C001C2D2A;
			minimizedProjectReferenceProxies = 1;
			packageReferences = (
				68E7A5C02CAF1FCA001E4F23 /* XCRemoteSwiftPackageReference "aws-sdk-swift" */,
				68E7A5CD2CB2FD78001E4F23 /* XCRemoteSwiftPackageReference "firebase-ios-sdk" */,
			);
			preferredProjectObjectVersion = 77;
			productRefGroup = 68C700F52CA46F3C001C2D2A /* Products */;
			projectDirPath = "";
			projectRoot = "";
			targets = (
				68C700F32CA46F3C001C2D2A /* MilkApp */,
				68C701042CA46F3D001C2D2A /* MilkAppTests */,
				68C7010E2CA46F3D001C2D2A /* MilkAppUITests */,
			);
		};
/* End PBXProject section */

/* Begin PBXResourcesBuildPhase section */
		68C700F22CA46F3C001C2D2A /* Resources */ = {
			isa = PBXResourcesBuildPhase;
			buildActionMask = 2147483647;
			files = (
				68E7A5CC2CB2FCAF001E4F23 /* GoogleService-Info.plist in Resources */,
			);
			runOnlyForDeploymentPostprocessing = 0;
		};
		68C701032CA46F3D001C2D2A /* Resources */ = {
			isa = PBXResourcesBuildPhase;
			buildActionMask = 2147483647;
			files = (
				68E7A5CB2CB2FCAF001E4F23 /* GoogleService-Info.plist in Resources */,
			);
			runOnlyForDeploymentPostprocessing = 0;
		};
		68C7010D2CA46F3D001C2D2A /* Resources */ = {
			isa = PBXResourcesBuildPhase;
			buildActionMask = 2147483647;
			files = (
				68E7A5CA2CB2FCAF001E4F23 /* GoogleService-Info.plist in Resources */,
			);
			runOnlyForDeploymentPostprocessing = 0;
		};
/* End PBXResourcesBuildPhase section */

/* Begin PBXSourcesBuildPhase section */
		68C700F02CA46F3C001C2D2A /* Sources */ = {
			isa = PBXSourcesBuildPhase;
			buildActionMask = 2147483647;
			files = (
			);
			runOnlyForDeploymentPostprocessing = 0;
		};
		68C701012CA46F3D001C2D2A /* Sources */ = {
			isa = PBXSourcesBuildPhase;
			buildActionMask = 2147483647;
			files = (
			);
			runOnlyForDeploymentPostprocessing = 0;
		};
		68C7010B2CA46F3D001C2D2A /* Sources */ = {
			isa = PBXSourcesBuildPhase;
			buildActionMask = 2147483647;
			files = (
			);
			runOnlyForDeploymentPostprocessing = 0;
		};
/* End PBXSourcesBuildPhase section */

/* Begin PBXTargetDependency section */
		68C701072CA46F3D001C2D2A /* PBXTargetDependency */ = {
			isa = PBXTargetDependency;
			target = 68C700F32CA46F3C001C2D2A /* MilkApp */;
			targetProxy = 68C701062CA46F3D001C2D2A /* PBXContainerItemProxy */;
		};
		68C701112CA46F3D001C2D2A /* PBXTargetDependency */ = {
			isa = PBXTargetDependency;
			target = 68C700F32CA46F3C001C2D2A /* MilkApp */;
			targetProxy = 68C701102CA46F3D001C2D2A /* PBXContainerItemProxy */;
		};
/* End PBXTargetDependency section */

/* Begin XCBuildConfiguration section */
		68C701172CA46F3D001C2D2A /* Debug */ = {
			isa = XCBuildConfiguration;
			buildSettings = {
				ALWAYS_SEARCH_USER_PATHS = NO;
				ASSETCATALOG_COMPILER_GENERATE_SWIFT_ASSET_SYMBOL_EXTENSIONS = YES;
				CLANG_ANALYZER_NONNULL = YES;
				CLANG_ANALYZER_NUMBER_OBJECT_CONVERSION = YES_AGGRESSIVE;
				CLANG_CXX_LANGUAGE_STANDARD = "gnu++20";
				CLANG_ENABLE_MODULES = YES;
				CLANG_ENABLE_OBJC_ARC = YES;
				CLANG_ENABLE_OBJC_WEAK = YES;
				CLANG_WARN_BLOCK_CAPTURE_AUTORELEASING = YES;
				CLANG_WARN_BOOL_CONVERSION = YES;
				CLANG_WARN_COMMA = YES;
				CLANG_WARN_CONSTANT_CONVERSION = YES;
				CLANG_WARN_DEPRECATED_OBJC_IMPLEMENTATIONS = YES;
				CLANG_WARN_DIRECT_OBJC_ISA_USAGE = YES_ERROR;
				CLANG_WARN_DOCUMENTATION_COMMENTS = YES;
				CLANG_WARN_EMPTY_BODY = YES;
				CLANG_WARN_ENUM_CONVERSION = YES;
				CLANG_WARN_INFINITE_RECURSION = YES;
				CLANG_WARN_INT_CONVERSION = YES;
				CLANG_WARN_NON_LITERAL_NULL_CONVERSION = YES;
				CLANG_WARN_OBJC_IMPLICIT_RETAIN_SELF = YES;
				CLANG_WARN_OBJC_LITERAL_CONVERSION = YES;
				CLANG_WARN_OBJC_ROOT_CLASS = YES_ERROR;
				CLANG_WARN_QUOTED_INCLUDE_IN_FRAMEWORK_HEADER = YES;
				CLANG_WARN_RANGE_LOOP_ANALYSIS = YES;
				CLANG_WARN_STRICT_PROTOTYPES = YES;
				CLANG_WARN_SUSPICIOUS_MOVE = YES;
				CLANG_WARN_UNGUARDED_AVAILABILITY = YES_AGGRESSIVE;
				CLANG_WARN_UNREACHABLE_CODE = YES;
				CLANG_WARN__DUPLICATE_METHOD_MATCH = YES;
				COPY_PHASE_STRIP = NO;
				DEBUG_INFORMATION_FORMAT = dwarf;
				ENABLE_STRICT_OBJC_MSGSEND = YES;
				ENABLE_TESTABILITY = YES;
				ENABLE_USER_SCRIPT_SANDBOXING = YES;
				GCC_C_LANGUAGE_STANDARD = gnu17;
				GCC_DYNAMIC_NO_PIC = NO;
				GCC_NO_COMMON_BLOCKS = YES;
				GCC_OPTIMIZATION_LEVEL = 0;
				GCC_PREPROCESSOR_DEFINITIONS = (
					"DEBUG=1",
					"$(inherited)",
				);
				GCC_WARN_64_TO_32_BIT_CONVERSION = YES;
				GCC_WARN_ABOUT_RETURN_TYPE = YES_ERROR;
				GCC_WARN_UNDECLARED_SELECTOR = YES;
				GCC_WARN_UNINITIALIZED_AUTOS = YES_AGGRESSIVE;
				GCC_WARN_UNUSED_FUNCTION = YES;
				GCC_WARN_UNUSED_VARIABLE = YES;
				LOCALIZATION_PREFERS_STRING_CATALOGS = YES;
				MTL_ENABLE_DEBUG_INFO = INCLUDE_SOURCE;
				MTL_FAST_MATH = YES;
				ONLY_ACTIVE_ARCH = YES;
				SWIFT_ACTIVE_COMPILATION_CONDITIONS = "DEBUG $(inherited)";
				SWIFT_OPTIMIZATION_LEVEL = "-Onone";
			};
			name = Debug;
		};
		68C701182CA46F3D001C2D2A /* Release */ = {
			isa = XCBuildConfiguration;
			buildSettings = {
				ALWAYS_SEARCH_USER_PATHS = NO;
				ASSETCATALOG_COMPILER_GENERATE_SWIFT_ASSET_SYMBOL_EXTENSIONS = YES;
				CLANG_ANALYZER_NONNULL = YES;
				CLANG_ANALYZER_NUMBER_OBJECT_CONVERSION = YES_AGGRESSIVE;
				CLANG_CXX_LANGUAGE_STANDARD = "gnu++20";
				CLANG_ENABLE_MODULES = YES;
				CLANG_ENABLE_OBJC_ARC = YES;
				CLANG_ENABLE_OBJC_WEAK = YES;
				CLANG_WARN_BLOCK_CAPTURE_AUTORELEASING = YES;
				CLANG_WARN_BOOL_CONVERSION = YES;
				CLANG_WARN_COMMA = YES;
				CLANG_WARN_CONSTANT_CONVERSION = YES;
				CLANG_WARN_DEPRECATED_OBJC_IMPLEMENTATIONS = YES;
				CLANG_WARN_DIRECT_OBJC_ISA_USAGE = YES_ERROR;
				CLANG_WARN_DOCUMENTATION_COMMENTS = YES;
				CLANG_WARN_EMPTY_BODY = YES;
				CLANG_WARN_ENUM_CONVERSION = YES;
				CLANG_WARN_INFINITE_RECURSION = YES;
				CLANG_WARN_INT_CONVERSION = YES;
				CLANG_WARN_NON_LITERAL_NULL_CONVERSION = YES;
				CLANG_WARN_OBJC_IMPLICIT_RETAIN_SELF = YES;
				CLANG_WARN_OBJC_LITERAL_CONVERSION = YES;
				CLANG_WARN_OBJC_ROOT_CLASS = YES_ERROR;
				CLANG_WARN_QUOTED_INCLUDE_IN_FRAMEWORK_HEADER = YES;
				CLANG_WARN_RANGE_LOOP_ANALYSIS = YES;
				CLANG_WARN_STRICT_PROTOTYPES = YES;
				CLANG_WARN_SUSPICIOUS_MOVE = YES;
				CLANG_WARN_UNGUARDED_AVAILABILITY = YES_AGGRESSIVE;
				CLANG_WARN_UNREACHABLE_CODE = YES;
				CLANG_WARN__DUPLICATE_METHOD_MATCH = YES;
				COPY_PHASE_STRIP = NO;
				DEBUG_INFORMATION_FORMAT = "dwarf-with-dsym";
				ENABLE_NS_ASSERTIONS = NO;
				ENABLE_STRICT_OBJC_MSGSEND = YES;
				ENABLE_USER_SCRIPT_SANDBOXING = YES;
				GCC_C_LANGUAGE_STANDARD = gnu17;
				GCC_NO_COMMON_BLOCKS = YES;
				GCC_WARN_64_TO_32_BIT_CONVERSION = YES;
				GCC_WARN_ABOUT_RETURN_TYPE = YES_ERROR;
				GCC_WARN_UNDECLARED_SELECTOR = YES;
				GCC_WARN_UNINITIALIZED_AUTOS = YES_AGGRESSIVE;
				GCC_WARN_UNUSED_FUNCTION = YES;
				GCC_WARN_UNUSED_VARIABLE = YES;
				LOCALIZATION_PREFERS_STRING_CATALOGS = YES;
				MTL_ENABLE_DEBUG_INFO = NO;
				MTL_FAST_MATH = YES;
				SWIFT_COMPILATION_MODE = wholemodule;
			};
			name = Release;
		};
		68C7011A2CA46F3D001C2D2A /* Debug */ = {
			isa = XCBuildConfiguration;
			buildSettings = {
				ASSETCATALOG_COMPILER_APPICON_NAME = AppIcon;
				ASSETCATALOG_COMPILER_GLOBAL_ACCENT_COLOR_NAME = AccentColor;
				CODE_SIGN_ENTITLEMENTS = MilkApp/MilkApp.entitlements;
				CODE_SIGN_STYLE = Automatic;
				CURRENT_PROJECT_VERSION = 1;
				DEVELOPMENT_ASSET_PATHS = "\"MilkApp/Preview Content\"";
				ENABLE_PREVIEWS = YES;
				GENERATE_INFOPLIST_FILE = YES;
				"INFOPLIST_KEY_UIApplicationSceneManifest_Generation[sdk=iphoneos*]" = YES;
				"INFOPLIST_KEY_UIApplicationSceneManifest_Generation[sdk=iphonesimulator*]" = YES;
				"INFOPLIST_KEY_UIApplicationSupportsIndirectInputEvents[sdk=iphoneos*]" = YES;
				"INFOPLIST_KEY_UIApplicationSupportsIndirectInputEvents[sdk=iphonesimulator*]" = YES;
				"INFOPLIST_KEY_UILaunchScreen_Generation[sdk=iphoneos*]" = YES;
				"INFOPLIST_KEY_UILaunchScreen_Generation[sdk=iphonesimulator*]" = YES;
				"INFOPLIST_KEY_UIStatusBarStyle[sdk=iphoneos*]" = UIStatusBarStyleDefault;
				"INFOPLIST_KEY_UIStatusBarStyle[sdk=iphonesimulator*]" = UIStatusBarStyleDefault;
				INFOPLIST_KEY_UISupportedInterfaceOrientations_iPad = "UIInterfaceOrientationPortrait UIInterfaceOrientationPortraitUpsideDown UIInterfaceOrientationLandscapeLeft UIInterfaceOrientationLandscapeRight";
				INFOPLIST_KEY_UISupportedInterfaceOrientations_iPhone = "UIInterfaceOrientationPortrait UIInterfaceOrientationLandscapeLeft UIInterfaceOrientationLandscapeRight";
				IPHONEOS_DEPLOYMENT_TARGET = 18.0;
				LD_RUNPATH_SEARCH_PATHS = "@executable_path/Frameworks";
				"LD_RUNPATH_SEARCH_PATHS[sdk=macosx*]" = "@executable_path/../Frameworks";
				MACOSX_DEPLOYMENT_TARGET = 14.6;
				MARKETING_VERSION = 1.0;
				PRODUCT_BUNDLE_IDENTIFIER = WP.MilkApp;
				PRODUCT_NAME = "$(TARGET_NAME)";
				SDKROOT = auto;
				SUPPORTED_PLATFORMS = "iphoneos iphonesimulator macosx xros xrsimulator";
				SWIFT_EMIT_LOC_STRINGS = YES;
				SWIFT_VERSION = 5.0;
				TARGETED_DEVICE_FAMILY = "1,2,7";
				XROS_DEPLOYMENT_TARGET = 2.0;
			};
			name = Debug;
		};
		68C7011B2CA46F3D001C2D2A /* Release */ = {
			isa = XCBuildConfiguration;
			buildSettings = {
				ASSETCATALOG_COMPILER_APPICON_NAME = AppIcon;
				ASSETCATALOG_COMPILER_GLOBAL_ACCENT_COLOR_NAME = AccentColor;
				CODE_SIGN_ENTITLEMENTS = MilkApp/MilkApp.entitlements;
				CODE_SIGN_STYLE = Automatic;
				CURRENT_PROJECT_VERSION = 1;
				DEVELOPMENT_ASSET_PATHS = "\"MilkApp/Preview Content\"";
				ENABLE_PREVIEWS = YES;
				GENERATE_INFOPLIST_FILE = YES;
				"INFOPLIST_KEY_UIApplicationSceneManifest_Generation[sdk=iphoneos*]" = YES;
				"INFOPLIST_KEY_UIApplicationSceneManifest_Generation[sdk=iphonesimulator*]" = YES;
				"INFOPLIST_KEY_UIApplicationSupportsIndirectInputEvents[sdk=iphoneos*]" = YES;
				"INFOPLIST_KEY_UIApplicationSupportsIndirectInputEvents[sdk=iphonesimulator*]" = YES;
				"INFOPLIST_KEY_UILaunchScreen_Generation[sdk=iphoneos*]" = YES;
				"INFOPLIST_KEY_UILaunchScreen_Generation[sdk=iphonesimulator*]" = YES;
				"INFOPLIST_KEY_UIStatusBarStyle[sdk=iphoneos*]" = UIStatusBarStyleDefault;
				"INFOPLIST_KEY_UIStatusBarStyle[sdk=iphonesimulator*]" = UIStatusBarStyleDefault;
				INFOPLIST_KEY_UISupportedInterfaceOrientations_iPad = "UIInterfaceOrientationPortrait UIInterfaceOrientationPortraitUpsideDown UIInterfaceOrientationLandscapeLeft UIInterfaceOrientationLandscapeRight";
				INFOPLIST_KEY_UISupportedInterfaceOrientations_iPhone = "UIInterfaceOrientationPortrait UIInterfaceOrientationLandscapeLeft UIInterfaceOrientationLandscapeRight";
				IPHONEOS_DEPLOYMENT_TARGET = 18.0;
				LD_RUNPATH_SEARCH_PATHS = "@executable_path/Frameworks";
				"LD_RUNPATH_SEARCH_PATHS[sdk=macosx*]" = "@executable_path/../Frameworks";
				MACOSX_DEPLOYMENT_TARGET = 14.6;
				MARKETING_VERSION = 1.0;
				PRODUCT_BUNDLE_IDENTIFIER = WP.MilkApp;
				PRODUCT_NAME = "$(TARGET_NAME)";
				SDKROOT = auto;
				SUPPORTED_PLATFORMS = "iphoneos iphonesimulator macosx xros xrsimulator";
				SWIFT_EMIT_LOC_STRINGS = YES;
				SWIFT_VERSION = 5.0;
				TARGETED_DEVICE_FAMILY = "1,2,7";
				XROS_DEPLOYMENT_TARGET = 2.0;
			};
			name = Release;
		};
		68C7011D2CA46F3D001C2D2A /* Debug */ = {
			isa = XCBuildConfiguration;
			buildSettings = {
				BUNDLE_LOADER = "$(TEST_HOST)";
				CODE_SIGN_STYLE = Automatic;
				CURRENT_PROJECT_VERSION = 1;
				GENERATE_INFOPLIST_FILE = YES;
				IPHONEOS_DEPLOYMENT_TARGET = 18.0;
				MACOSX_DEPLOYMENT_TARGET = 14.6;
				MARKETING_VERSION = 1.0;
				PRODUCT_BUNDLE_IDENTIFIER = WP.MilkAppTests;
				PRODUCT_NAME = "$(TARGET_NAME)";
				SDKROOT = auto;
				SUPPORTED_PLATFORMS = "iphoneos iphonesimulator macosx xros xrsimulator";
				SWIFT_EMIT_LOC_STRINGS = NO;
				SWIFT_VERSION = 5.0;
				TARGETED_DEVICE_FAMILY = "1,2,7";
				TEST_HOST = "$(BUILT_PRODUCTS_DIR)/MilkApp.app/$(BUNDLE_EXECUTABLE_FOLDER_PATH)/MilkApp";
				XROS_DEPLOYMENT_TARGET = 2.0;
			};
			name = Debug;
		};
		68C7011E2CA46F3D001C2D2A /* Release */ = {
			isa = XCBuildConfiguration;
			buildSettings = {
				BUNDLE_LOADER = "$(TEST_HOST)";
				CODE_SIGN_STYLE = Automatic;
				CURRENT_PROJECT_VERSION = 1;
				GENERATE_INFOPLIST_FILE = YES;
				IPHONEOS_DEPLOYMENT_TARGET = 18.0;
				MACOSX_DEPLOYMENT_TARGET = 14.6;
				MARKETING_VERSION = 1.0;
				PRODUCT_BUNDLE_IDENTIFIER = WP.MilkAppTests;
				PRODUCT_NAME = "$(TARGET_NAME)";
				SDKROOT = auto;
				SUPPORTED_PLATFORMS = "iphoneos iphonesimulator macosx xros xrsimulator";
				SWIFT_EMIT_LOC_STRINGS = NO;
				SWIFT_VERSION = 5.0;
				TARGETED_DEVICE_FAMILY = "1,2,7";
				TEST_HOST = "$(BUILT_PRODUCTS_DIR)/MilkApp.app/$(BUNDLE_EXECUTABLE_FOLDER_PATH)/MilkApp";
				XROS_DEPLOYMENT_TARGET = 2.0;
			};
			name = Release;
		};
		68C701202CA46F3D001C2D2A /* Debug */ = {
			isa = XCBuildConfiguration;
			buildSettings = {
				CODE_SIGN_STYLE = Automatic;
				CURRENT_PROJECT_VERSION = 1;
				GENERATE_INFOPLIST_FILE = YES;
				IPHONEOS_DEPLOYMENT_TARGET = 18.0;
				MACOSX_DEPLOYMENT_TARGET = 14.6;
				MARKETING_VERSION = 1.0;
				PRODUCT_BUNDLE_IDENTIFIER = WP.MilkAppUITests;
				PRODUCT_NAME = "$(TARGET_NAME)";
				SDKROOT = auto;
				SUPPORTED_PLATFORMS = "iphoneos iphonesimulator macosx xros xrsimulator";
				SWIFT_EMIT_LOC_STRINGS = NO;
				SWIFT_VERSION = 5.0;
				TARGETED_DEVICE_FAMILY = "1,2,7";
				TEST_TARGET_NAME = MilkApp;
				XROS_DEPLOYMENT_TARGET = 2.0;
			};
			name = Debug;
		};
		68C701212CA46F3D001C2D2A /* Release */ = {
			isa = XCBuildConfiguration;
			buildSettings = {
				CODE_SIGN_STYLE = Automatic;
				CURRENT_PROJECT_VERSION = 1;
				GENERATE_INFOPLIST_FILE = YES;
				IPHONEOS_DEPLOYMENT_TARGET = 18.0;
				MACOSX_DEPLOYMENT_TARGET = 14.6;
				MARKETING_VERSION = 1.0;
				PRODUCT_BUNDLE_IDENTIFIER = WP.MilkAppUITests;
				PRODUCT_NAME = "$(TARGET_NAME)";
				SDKROOT = auto;
				SUPPORTED_PLATFORMS = "iphoneos iphonesimulator macosx xros xrsimulator";
				SWIFT_EMIT_LOC_STRINGS = NO;
				SWIFT_VERSION = 5.0;
				TARGETED_DEVICE_FAMILY = "1,2,7";
				TEST_TARGET_NAME = MilkApp;
				XROS_DEPLOYMENT_TARGET = 2.0;
			};
			name = Release;
		};
/* End XCBuildConfiguration section */

/* Begin XCConfigurationList section */
		68C700EF2CA46F3C001C2D2A /* Build configuration list for PBXProject "MilkApp" */ = {
			isa = XCConfigurationList;
			buildConfigurations = (
				68C701172CA46F3D001C2D2A /* Debug */,
				68C701182CA46F3D001C2D2A /* Release */,
			);
			defaultConfigurationIsVisible = 0;
			defaultConfigurationName = Release;
		};
		68C701192CA46F3D001C2D2A /* Build configuration list for PBXNativeTarget "MilkApp" */ = {
			isa = XCConfigurationList;
			buildConfigurations = (
				68C7011A2CA46F3D001C2D2A /* Debug */,
				68C7011B2CA46F3D001C2D2A /* Release */,
			);
			defaultConfigurationIsVisible = 0;
			defaultConfigurationName = Release;
		};
		68C7011C2CA46F3D001C2D2A /* Build configuration list for PBXNativeTarget "MilkAppTests" */ = {
			isa = XCConfigurationList;
			buildConfigurations = (
				68C7011D2CA46F3D001C2D2A /* Debug */,
				68C7011E2CA46F3D001C2D2A /* Release */,
			);
			defaultConfigurationIsVisible = 0;
			defaultConfigurationName = Release;
		};
		68C7011F2CA46F3D001C2D2A /* Build configuration list for PBXNativeTarget "MilkAppUITests" */ = {
			isa = XCConfigurationList;
			buildConfigurations = (
				68C701202CA46F3D001C2D2A /* Debug */,
				68C701212CA46F3D001C2D2A /* Release */,
			);
			defaultConfigurationIsVisible = 0;
			defaultConfigurationName = Release;
		};
/* End XCConfigurationList section */

/* Begin XCRemoteSwiftPackageReference section */
		68E7A5C02CAF1FCA001E4F23 /* XCRemoteSwiftPackageReference "aws-sdk-swift" */ = {
			isa = XCRemoteSwiftPackageReference;
			repositoryURL = "https://github.com/awslabs/aws-sdk-swift";
			requirement = {
				kind = upToNextMajorVersion;
				minimumVersion = 1.0.11;
			};
		};
		68E7A5CD2CB2FD78001E4F23 /* XCRemoteSwiftPackageReference "firebase-ios-sdk" */ = {
			isa = XCRemoteSwiftPackageReference;
			repositoryURL = "https://github.com/firebase/firebase-ios-sdk";
			requirement = {
				kind = upToNextMajorVersion;
				minimumVersion = 11.3.0;
			};
		};
/* End XCRemoteSwiftPackageReference section */

/* Begin XCSwiftPackageProductDependency section */
		68E7A5C12CAF1FCA001E4F23 /* AWSS3 */ = {
			isa = XCSwiftPackageProductDependency;
			package = 68E7A5C02CAF1FCA001E4F23 /* XCRemoteSwiftPackageReference "aws-sdk-swift" */;
			productName = AWSS3;
		};
		68E7A5CE2CB2FD78001E4F23 /* FirebaseCore */ = {
			isa = XCSwiftPackageProductDependency;
			package = 68E7A5CD2CB2FD78001E4F23 /* XCRemoteSwiftPackageReference "firebase-ios-sdk" */;
			productName = FirebaseCore;
		};
		68E7A5D02CB2FD78001E4F23 /* FirebaseStorage */ = {
			isa = XCSwiftPackageProductDependency;
			package = 68E7A5CD2CB2FD78001E4F23 /* XCRemoteSwiftPackageReference "firebase-ios-sdk" */;
			productName = FirebaseStorage;
		};
		68E7A5D22CB2FD78001E4F23 /* FirebaseStorageCombine-Community */ = {
			isa = XCSwiftPackageProductDependency;
			package = 68E7A5CD2CB2FD78001E4F23 /* XCRemoteSwiftPackageReference "firebase-ios-sdk" */;
			productName = "FirebaseStorageCombine-Community";
		};
/* End XCSwiftPackageProductDependency section */
	};
	rootObject = 68C700EC2CA46F3C001C2D2A /* Project object */;
}
